
Microsoft Visual Studio Solution File, Format Version 12.00
# Visual Studio Version 16
VisualStudioVersion = 16.0.31105.61
MinimumVisualStudioVersion = 10.0.40219.1
Project("{FAE04EC0-301F-11D3-BF4B-00C04F79EFBC}") = "CompanyApplication", "CompanyApplication\CompanyApplication.csproj", "{0559351A-140F-4377-B2E0-ADF37A89CD71}"
EndProject
Global
	GlobalSection(SolutionConfigurationPlatforms) = preSolution
		Debug|Any CPU = Debug|Any CPU
		Release|Any CPU = Release|Any CPU
	EndGlobalSection
	GlobalSection(ProjectConfigurationPlatforms) = postSolution
		{0559351A-140F-4377-B2E0-ADF37A89CD71}.Debug|Any CPU.ActiveCfg = Debug|Any CPU
		{0559351A-140F-4377-B2E0-ADF37A89CD71}.Debug|Any CPU.Build.0 = Debug|Any CPU
		{0559351A-140F-4377-B2E0-ADF37A89CD71}.Release|Any CPU.ActiveCfg = Release|Any CPU
		{0559351A-140F-4377-B2E0-ADF37A89CD71}.Release|Any CPU.Build.0 = Release|Any CPU
	EndGlobalSection
	GlobalSection(SolutionProperties) = preSolution
		HideSolutionNode = FALSE
	EndGlobalSection
	GlobalSection(ExtensibilityGlobals) = postSolution
		SolutionGuid = {BEF9BF60-5D80-44E0-95A3-A44A95214275}
	EndGlobalSection
EndGlobal
